
Microsoft Visual Studio Solution File, Format Version 12.00
# Visual Studio Version 16
VisualStudioVersion = 16.0.30711.63
MinimumVisualStudioVersion = 10.0.40219.1
Project("{FAE04EC0-301F-11D3-BF4B-00C04F79EFBC}") = "DatingApp", "DatingApp.csproj", "{A674CBBC-3A2E-4C8A-AEF5-AD79DA54E529}"
EndProject
Global
	GlobalSection(SolutionConfigurationPlatforms) = preSolution
		Debug|Any CPU = Debug|Any CPU
		Release|Any CPU = Release|Any CPU
	EndGlobalSection
	GlobalSection(ProjectConfigurationPlatforms) = postSolution
		{A674CBBC-3A2E-4C8A-AEF5-AD79DA54E529}.Debug|Any CPU.ActiveCfg = Debug|Any CPU
		{A674CBBC-3A2E-4C8A-AEF5-AD79DA54E529}.Debug|Any CPU.Build.0 = Debug|Any CPU
		{A674CBBC-3A2E-4C8A-AEF5-AD79DA54E529}.Release|Any CPU.ActiveCfg = Release|Any CPU
		{A674CBBC-3A2E-4C8A-AEF5-AD79DA54E529}.Release|Any CPU.Build.0 = Release|Any CPU
	EndGlobalSection
	GlobalSection(SolutionProperties) = preSolution
		HideSolutionNode = FALSE
	EndGlobalSection
	GlobalSection(ExtensibilityGlobals) = postSolution
		SolutionGuid = {99D5AE28-14DE-489C-BABD-40C6BD2DE3AC}
	EndGlobalSection
EndGlobal
